// !$*UTF8*$!
{
	archiveVersion = 1;
	classes = {
	};
	objectVersion = 50;
	objects = {

/* Begin PBXBuildFile section */
		841C16CC246F226B004AD4E1 /* Assets.xcassets in Resources */ = {isa = PBXBuildFile; fileRef = 841C16BE246F226B004AD4E1 /* Assets.xcassets */; };
		841C16CE246F226B004AD4E1 /* LaunchScreen.storyboard in Resources */ = {isa = PBXBuildFile; fileRef = 841C16C3246F226B004AD4E1 /* LaunchScreen.storyboard */; };
		841C16CF246F226B004AD4E1 /* Main.storyboard in Resources */ = {isa = PBXBuildFile; fileRef = 841C16C5246F226B004AD4E1 /* Main.storyboard */; };
		841C16D0246F226B004AD4E1 /* AppDelegate.swift in Sources */ = {isa = PBXBuildFile; fileRef = 841C16CB246F226B004AD4E1 /* AppDelegate.swift */; };
		841C16D6246F2800004AD4E1 /* Reachability.swift in Sources */ = {isa = PBXBuildFile; fileRef = 841C16D5246F2800004AD4E1 /* Reachability.swift */; };
		841C16D9246F2857004AD4E1 /* UITableView+Extension.swift in Sources */ = {isa = PBXBuildFile; fileRef = 841C16D8246F2857004AD4E1 /* UITableView+Extension.swift */; };
		841C16DB246F287E004AD4E1 /* UICollectionView+Extension.swift in Sources */ = {isa = PBXBuildFile; fileRef = 841C16DA246F287E004AD4E1 /* UICollectionView+Extension.swift */; };
		841C16DD246F28A9004AD4E1 /* UIViewController+Extension.swift in Sources */ = {isa = PBXBuildFile; fileRef = 841C16DC246F28A9004AD4E1 /* UIViewController+Extension.swift */; };
		841C16DF246F28E7004AD4E1 /* UIStoryboard+Extension.swift in Sources */ = {isa = PBXBuildFile; fileRef = 841C16DE246F28E7004AD4E1 /* UIStoryboard+Extension.swift */; };
		841C16F1246F2EAD004AD4E1 /* BaseVC.swift in Sources */ = {isa = PBXBuildFile; fileRef = 841C16F0246F2EAD004AD4E1 /* BaseVC.swift */; };
		841C16FF246F3285004AD4E1 /* SearchImageViewModel.swift in Sources */ = {isa = PBXBuildFile; fileRef = 841C16F8246F3285004AD4E1 /* SearchImageViewModel.swift */; };
		841C1700246F3285004AD4E1 /* SearchImageVC+UICollectionView.swift in Sources */ = {isa = PBXBuildFile; fileRef = 841C16FA246F3285004AD4E1 /* SearchImageVC+UICollectionView.swift */; };
		841C1701246F3285004AD4E1 /* SearchImageVC.swift in Sources */ = {isa = PBXBuildFile; fileRef = 841C16FB246F3285004AD4E1 /* SearchImageVC.swift */; };
		841C1702246F3285004AD4E1 /* SearchImageVC+UITableView.swift in Sources */ = {isa = PBXBuildFile; fileRef = 841C16FC246F3285004AD4E1 /* SearchImageVC+UITableView.swift */; };
		841C1705246F3328004AD4E1 /* NetworkService.swift in Sources */ = {isa = PBXBuildFile; fileRef = 841C1704246F3328004AD4E1 /* NetworkService.swift */; };
		841C1707246F3367004AD4E1 /* AppRouter.swift in Sources */ = {isa = PBXBuildFile; fileRef = 841C1706246F3367004AD4E1 /* AppRouter.swift */; };
		841C170C246F3A7E004AD4E1 /* SearchImageCVCell.swift in Sources */ = {isa = PBXBuildFile; fileRef = 841C170A246F3A7E004AD4E1 /* SearchImageCVCell.swift */; };
		841C170D246F3A7E004AD4E1 /* SearchImageCVCell.xib in Resources */ = {isa = PBXBuildFile; fileRef = 841C170B246F3A7E004AD4E1 /* SearchImageCVCell.xib */; };
		841C1714246F3AC4004AD4E1 /* SearchImageTVCell.swift in Sources */ = {isa = PBXBuildFile; fileRef = 841C1712246F3AC4004AD4E1 /* SearchImageTVCell.swift */; };
		841C1715246F3AC4004AD4E1 /* SearchImageTVCell.xib in Resources */ = {isa = PBXBuildFile; fileRef = 841C1713246F3AC4004AD4E1 /* SearchImageTVCell.xib */; };
		84423CF8246FF1E4006F94E2 /* SearchResultModel.swift in Sources */ = {isa = PBXBuildFile; fileRef = 84423CF7246FF1E4006F94E2 /* SearchResultModel.swift */; };
		84423CFC246FF25F006F94E2 /* HitModel.swift in Sources */ = {isa = PBXBuildFile; fileRef = 84423CFB246FF25F006F94E2 /* HitModel.swift */; };
		84423CFE246FF6CA006F94E2 /* ImageDownloader.swift in Sources */ = {isa = PBXBuildFile; fileRef = 84423CFD246FF6CA006F94E2 /* ImageDownloader.swift */; };
		84423D00246FFC1D006F94E2 /* UIImageView+Extension.swift in Sources */ = {isa = PBXBuildFile; fileRef = 84423CFF246FFC1D006F94E2 /* UIImageView+Extension.swift */; };
		84423D06247008C8006F94E2 /* SearchImageCVFooterView.swift in Sources */ = {isa = PBXBuildFile; fileRef = 84423D04247008C8006F94E2 /* SearchImageCVFooterView.swift */; };
		84423D07247008C8006F94E2 /* SearchImageCVFooterView.xib in Resources */ = {isa = PBXBuildFile; fileRef = 84423D05247008C8006F94E2 /* SearchImageCVFooterView.xib */; };
		84423D0924702A01006F94E2 /* DBManager.swift in Sources */ = {isa = PBXBuildFile; fileRef = 84423D0824702A01006F94E2 /* DBManager.swift */; };
		84423D0B24703255006F94E2 /* RecentSearchModel.swift in Sources */ = {isa = PBXBuildFile; fileRef = 84423D0A24703255006F94E2 /* RecentSearchModel.swift */; };
		84423D0E24703539006F94E2 /* AppUserDefaults.swift in Sources */ = {isa = PBXBuildFile; fileRef = 84423D0D24703539006F94E2 /* AppUserDefaults.swift */; };
		84423D10247039EB006F94E2 /* String+Extension.swift in Sources */ = {isa = PBXBuildFile; fileRef = 84423D0F247039EB006F94E2 /* String+Extension.swift */; };
		84423D1924706BCF006F94E2 /* SearchImageDetailViewModel.swift in Sources */ = {isa = PBXBuildFile; fileRef = 84423D1824706BCF006F94E2 /* SearchImageDetailViewModel.swift */; };
		84423D1B24706EB6006F94E2 /* SearchImageDetailVC.swift in Sources */ = {isa = PBXBuildFile; fileRef = 84423D1A24706EB6006F94E2 /* SearchImageDetailVC.swift */; };
		84423D1E24707025006F94E2 /* SearchImageDetailCVCell.swift in Sources */ = {isa = PBXBuildFile; fileRef = 84423D1D24707025006F94E2 /* SearchImageDetailCVCell.swift */; };
		84423D20247070C8006F94E2 /* SearchImageDetailVC+UICollectionView.swift in Sources */ = {isa = PBXBuildFile; fileRef = 84423D1F247070C8006F94E2 /* SearchImageDetailVC+UICollectionView.swift */; };
		84423D22247078FB006F94E2 /* NavigationRouter.swift in Sources */ = {isa = PBXBuildFile; fileRef = 84423D21247078FB006F94E2 /* NavigationRouter.swift */; };
		84423D2624707CC4006F94E2 /* GalleryPresentingAnimator.swift in Sources */ = {isa = PBXBuildFile; fileRef = 84423D2524707CC4006F94E2 /* GalleryPresentingAnimator.swift */; };
		84423D2924707D6C006F94E2 /* GalleryImageDismissAnimator.swift in Sources */ = {isa = PBXBuildFile; fileRef = 84423D2824707D6C006F94E2 /* GalleryImageDismissAnimator.swift */; };
		84423D2C24707E36006F94E2 /* DimmingPresentationController.swift in Sources */ = {isa = PBXBuildFile; fileRef = 84423D2B24707E36006F94E2 /* DimmingPresentationController.swift */; };
/* End PBXBuildFile section */

/* Begin PBXFileReference section */
		841C16BE246F226B004AD4E1 /* Assets.xcassets */ = {isa = PBXFileReference; lastKnownFileType = folder.assetcatalog; path = Assets.xcassets; sourceTree = "<group>"; };
		841C16BF246F226B004AD4E1 /* Info.plist */ = {isa = PBXFileReference; fileEncoding = 4; lastKnownFileType = text.plist.xml; path = Info.plist; sourceTree = "<group>"; };
		841C16C4246F226B004AD4E1 /* Base */ = {isa = PBXFileReference; lastKnownFileType = file.storyboard; name = Base; path = Base.lproj/LaunchScreen.storyboard; sourceTree = "<group>"; };
		841C16C6246F226B004AD4E1 /* Base */ = {isa = PBXFileReference; lastKnownFileType = file.storyboard; name = Base; path = Base.lproj/Main.storyboard; sourceTree = "<group>"; };
		841C16CB246F226B004AD4E1 /* AppDelegate.swift */ = {isa = PBXFileReference; fileEncoding = 4; lastKnownFileType = sourcecode.swift; path = AppDelegate.swift; sourceTree = "<group>"; };
		841C16D5246F2800004AD4E1 /* Reachability.swift */ = {isa = PBXFileReference; fileEncoding = 4; lastKnownFileType = sourcecode.swift; path = Reachability.swift; sourceTree = "<group>"; };
		841C16D8246F2857004AD4E1 /* UITableView+Extension.swift */ = {isa = PBXFileReference; lastKnownFileType = sourcecode.swift; path = "UITableView+Extension.swift"; sourceTree = "<group>"; };
		841C16DA246F287E004AD4E1 /* UICollectionView+Extension.swift */ = {isa = PBXFileReference; lastKnownFileType = sourcecode.swift; path = "UICollectionView+Extension.swift"; sourceTree = "<group>"; };
		841C16DC246F28A9004AD4E1 /* UIViewController+Extension.swift */ = {isa = PBXFileReference; lastKnownFileType = sourcecode.swift; path = "UIViewController+Extension.swift"; sourceTree = "<group>"; };
		841C16DE246F28E7004AD4E1 /* UIStoryboard+Extension.swift */ = {isa = PBXFileReference; lastKnownFileType = sourcecode.swift; path = "UIStoryboard+Extension.swift"; sourceTree = "<group>"; };
		841C16F0246F2EAD004AD4E1 /* BaseVC.swift */ = {isa = PBXFileReference; lastKnownFileType = sourcecode.swift; path = BaseVC.swift; sourceTree = "<group>"; };
		841C16F8246F3285004AD4E1 /* SearchImageViewModel.swift */ = {isa = PBXFileReference; fileEncoding = 4; lastKnownFileType = sourcecode.swift; path = SearchImageViewModel.swift; sourceTree = "<group>"; };
		841C16FA246F3285004AD4E1 /* SearchImageVC+UICollectionView.swift */ = {isa = PBXFileReference; fileEncoding = 4; lastKnownFileType = sourcecode.swift; path = "SearchImageVC+UICollectionView.swift"; sourceTree = "<group>"; };
		841C16FB246F3285004AD4E1 /* SearchImageVC.swift */ = {isa = PBXFileReference; fileEncoding = 4; lastKnownFileType = sourcecode.swift; path = SearchImageVC.swift; sourceTree = "<group>"; };
		841C16FC246F3285004AD4E1 /* SearchImageVC+UITableView.swift */ = {isa = PBXFileReference; fileEncoding = 4; lastKnownFileType = sourcecode.swift; path = "SearchImageVC+UITableView.swift"; sourceTree = "<group>"; };
		841C1704246F3328004AD4E1 /* NetworkService.swift */ = {isa = PBXFileReference; lastKnownFileType = sourcecode.swift; path = NetworkService.swift; sourceTree = "<group>"; };
		841C1706246F3367004AD4E1 /* AppRouter.swift */ = {isa = PBXFileReference; lastKnownFileType = sourcecode.swift; path = AppRouter.swift; sourceTree = "<group>"; };
		841C170A246F3A7E004AD4E1 /* SearchImageCVCell.swift */ = {isa = PBXFileReference; lastKnownFileType = sourcecode.swift; path = SearchImageCVCell.swift; sourceTree = "<group>"; };
		841C170B246F3A7E004AD4E1 /* SearchImageCVCell.xib */ = {isa = PBXFileReference; lastKnownFileType = file.xib; path = SearchImageCVCell.xib; sourceTree = "<group>"; };
		841C1712246F3AC4004AD4E1 /* SearchImageTVCell.swift */ = {isa = PBXFileReference; lastKnownFileType = sourcecode.swift; path = SearchImageTVCell.swift; sourceTree = "<group>"; };
		841C1713246F3AC4004AD4E1 /* SearchImageTVCell.xib */ = {isa = PBXFileReference; lastKnownFileType = file.xib; path = SearchImageTVCell.xib; sourceTree = "<group>"; };
		84423CF7246FF1E4006F94E2 /* SearchResultModel.swift */ = {isa = PBXFileReference; lastKnownFileType = sourcecode.swift; path = SearchResultModel.swift; sourceTree = "<group>"; };
		84423CFB246FF25F006F94E2 /* HitModel.swift */ = {isa = PBXFileReference; lastKnownFileType = sourcecode.swift; path = HitModel.swift; sourceTree = "<group>"; };
		84423CFD246FF6CA006F94E2 /* ImageDownloader.swift */ = {isa = PBXFileReference; lastKnownFileType = sourcecode.swift; path = ImageDownloader.swift; sourceTree = "<group>"; };
		84423CFF246FFC1D006F94E2 /* UIImageView+Extension.swift */ = {isa = PBXFileReference; lastKnownFileType = sourcecode.swift; path = "UIImageView+Extension.swift"; sourceTree = "<group>"; };
		84423D04247008C8006F94E2 /* SearchImageCVFooterView.swift */ = {isa = PBXFileReference; lastKnownFileType = sourcecode.swift; path = SearchImageCVFooterView.swift; sourceTree = "<group>"; };
		84423D05247008C8006F94E2 /* SearchImageCVFooterView.xib */ = {isa = PBXFileReference; lastKnownFileType = file.xib; path = SearchImageCVFooterView.xib; sourceTree = "<group>"; };
		84423D0824702A01006F94E2 /* DBManager.swift */ = {isa = PBXFileReference; lastKnownFileType = sourcecode.swift; path = DBManager.swift; sourceTree = "<group>"; };
		84423D0A24703255006F94E2 /* RecentSearchModel.swift */ = {isa = PBXFileReference; lastKnownFileType = sourcecode.swift; path = RecentSearchModel.swift; sourceTree = "<group>"; };
		84423D0D24703539006F94E2 /* AppUserDefaults.swift */ = {isa = PBXFileReference; lastKnownFileType = sourcecode.swift; path = AppUserDefaults.swift; sourceTree = "<group>"; };
		84423D0F247039EB006F94E2 /* String+Extension.swift */ = {isa = PBXFileReference; lastKnownFileType = sourcecode.swift; path = "String+Extension.swift"; sourceTree = "<group>"; };
		84423D1824706BCF006F94E2 /* SearchImageDetailViewModel.swift */ = {isa = PBXFileReference; lastKnownFileType = sourcecode.swift; path = SearchImageDetailViewModel.swift; sourceTree = "<group>"; };
		84423D1A24706EB6006F94E2 /* SearchImageDetailVC.swift */ = {isa = PBXFileReference; lastKnownFileType = sourcecode.swift; path = SearchImageDetailVC.swift; sourceTree = "<group>"; };
		84423D1D24707025006F94E2 /* SearchImageDetailCVCell.swift */ = {isa = PBXFileReference; lastKnownFileType = sourcecode.swift; path = SearchImageDetailCVCell.swift; sourceTree = "<group>"; };
		84423D1F247070C8006F94E2 /* SearchImageDetailVC+UICollectionView.swift */ = {isa = PBXFileReference; lastKnownFileType = sourcecode.swift; path = "SearchImageDetailVC+UICollectionView.swift"; sourceTree = "<group>"; };
		84423D21247078FB006F94E2 /* NavigationRouter.swift */ = {isa = PBXFileReference; lastKnownFileType = sourcecode.swift; path = NavigationRouter.swift; sourceTree = "<group>"; };
		84423D2524707CC4006F94E2 /* GalleryPresentingAnimator.swift */ = {isa = PBXFileReference; lastKnownFileType = sourcecode.swift; path = GalleryPresentingAnimator.swift; sourceTree = "<group>"; };
		84423D2824707D6C006F94E2 /* GalleryImageDismissAnimator.swift */ = {isa = PBXFileReference; lastKnownFileType = sourcecode.swift; path = GalleryImageDismissAnimator.swift; sourceTree = "<group>"; };
		84423D2B24707E36006F94E2 /* DimmingPresentationController.swift */ = {isa = PBXFileReference; lastKnownFileType = sourcecode.swift; path = DimmingPresentationController.swift; sourceTree = "<group>"; };
		84516254246DC34D009AD21E /* WynkAssignment.app */ = {isa = PBXFileReference; explicitFileType = wrapper.application; includeInIndex = 0; path = WynkAssignment.app; sourceTree = BUILT_PRODUCTS_DIR; };
/* End PBXFileReference section */

/* Begin PBXFrameworksBuildPhase section */
		84516251246DC34D009AD21E /* Frameworks */ = {
			isa = PBXFrameworksBuildPhase;
			buildActionMask = 2147483647;
			files = (
			);
			runOnlyForDeploymentPostprocessing = 0;
		};
/* End PBXFrameworksBuildPhase section */

/* Begin PBXGroup section */
		841C16BB246F226A004AD4E1 /* Helpers */ = {
			isa = PBXGroup;
			children = (
				84423D2324707CB1006F94E2 /* Library */,
				84423D0C2470352D006F94E2 /* AppUtilities */,
				841C16D7246F283F004AD4E1 /* Extensions */,
			);
			path = Helpers;
			sourceTree = "<group>";
		};
		841C16BC246F226B004AD4E1 /* Controller */ = {
			isa = PBXGroup;
			children = (
				841C16F0246F2EAD004AD4E1 /* BaseVC.swift */,
				84423D0824702A01006F94E2 /* DBManager.swift */,
				84423D21247078FB006F94E2 /* NavigationRouter.swift */,
			);
			path = Controller;
			sourceTree = "<group>";
		};
		841C16BD246F226B004AD4E1 /* Resources */ = {
			isa = PBXGroup;
			children = (
				841C16BE246F226B004AD4E1 /* Assets.xcassets */,
				841C16BF246F226B004AD4E1 /* Info.plist */,
			);
			path = Resources;
			sourceTree = "<group>";
		};
		841C16C0246F226B004AD4E1 /* Views */ = {
			isa = PBXGroup;
			children = (
				841C16C1246F226B004AD4E1 /* Xibs */,
				841C16C2246F226B004AD4E1 /* StoryBoard */,
			);
			path = Views;
			sourceTree = "<group>";
		};
		841C16C1246F226B004AD4E1 /* Xibs */ = {
			isa = PBXGroup;
			children = (
			);
			path = Xibs;
			sourceTree = "<group>";
		};
		841C16C2246F226B004AD4E1 /* StoryBoard */ = {
			isa = PBXGroup;
			children = (
				841C16C3246F226B004AD4E1 /* LaunchScreen.storyboard */,
				841C16C5246F226B004AD4E1 /* Main.storyboard */,
			);
			path = StoryBoard;
			sourceTree = "<group>";
		};
		841C16C7246F226B004AD4E1 /* Networking */ = {
			isa = PBXGroup;
			children = (
				841C1703246F32F8004AD4E1 /* NetworkService */,
				841C16D3246F27AE004AD4E1 /* ImageDownloader */,
				841C16D4246F27AE004AD4E1 /* Reachability */,
				841C16D2246F27AE004AD4E1 /* Router */,
			);
			path = Networking;
			sourceTree = "<group>";
		};
		841C16CA246F226B004AD4E1 /* AppDelegate */ = {
			isa = PBXGroup;
			children = (
				841C16CB246F226B004AD4E1 /* AppDelegate.swift */,
			);
			path = AppDelegate;
			sourceTree = "<group>";
		};
		841C16D1246F23F0004AD4E1 /* Modules */ = {
			isa = PBXGroup;
			children = (
				84423D1324706BAC006F94E2 /* SearchImageDetail */,
				841C16F6246F3285004AD4E1 /* SearchImage */,
			);
			path = Modules;
			sourceTree = "<group>";
		};
		841C16D2246F27AE004AD4E1 /* Router */ = {
			isa = PBXGroup;
			children = (
				841C1706246F3367004AD4E1 /* AppRouter.swift */,
			);
			path = Router;
			sourceTree = "<group>";
		};
		841C16D3246F27AE004AD4E1 /* ImageDownloader */ = {
			isa = PBXGroup;
			children = (
				84423CFD246FF6CA006F94E2 /* ImageDownloader.swift */,
			);
			path = ImageDownloader;
			sourceTree = "<group>";
		};
		841C16D4246F27AE004AD4E1 /* Reachability */ = {
			isa = PBXGroup;
			children = (
				841C16D5246F2800004AD4E1 /* Reachability.swift */,
			);
			path = Reachability;
			sourceTree = "<group>";
		};
		841C16D7246F283F004AD4E1 /* Extensions */ = {
			isa = PBXGroup;
			children = (
				841C16D8246F2857004AD4E1 /* UITableView+Extension.swift */,
				841C16DA246F287E004AD4E1 /* UICollectionView+Extension.swift */,
				841C16DC246F28A9004AD4E1 /* UIViewController+Extension.swift */,
				841C16DE246F28E7004AD4E1 /* UIStoryboard+Extension.swift */,
				84423CFF246FFC1D006F94E2 /* UIImageView+Extension.swift */,
				84423D0F247039EB006F94E2 /* String+Extension.swift */,
			);
			path = Extensions;
			sourceTree = "<group>";
		};
		841C16F6246F3285004AD4E1 /* SearchImage */ = {
			isa = PBXGroup;
			children = (
				841C16F7246F3285004AD4E1 /* ViewModel */,
				841C16F9246F3285004AD4E1 /* Controller */,
				841C16FD246F3285004AD4E1 /* Model */,
				841C16FE246F3285004AD4E1 /* View */,
			);
			path = SearchImage;
			sourceTree = "<group>";
		};
		841C16F7246F3285004AD4E1 /* ViewModel */ = {
			isa = PBXGroup;
			children = (
				841C16F8246F3285004AD4E1 /* SearchImageViewModel.swift */,
			);
			path = ViewModel;
			sourceTree = "<group>";
		};
		841C16F9246F3285004AD4E1 /* Controller */ = {
			isa = PBXGroup;
			children = (
				841C16FB246F3285004AD4E1 /* SearchImageVC.swift */,
				841C16FA246F3285004AD4E1 /* SearchImageVC+UICollectionView.swift */,
				841C16FC246F3285004AD4E1 /* SearchImageVC+UITableView.swift */,
			);
			path = Controller;
			sourceTree = "<group>";
		};
		841C16FD246F3285004AD4E1 /* Model */ = {
			isa = PBXGroup;
			children = (
				84423CF7246FF1E4006F94E2 /* SearchResultModel.swift */,
				84423CFB246FF25F006F94E2 /* HitModel.swift */,
				84423D0A24703255006F94E2 /* RecentSearchModel.swift */,
			);
			path = Model;
			sourceTree = "<group>";
		};
		841C16FE246F3285004AD4E1 /* View */ = {
			isa = PBXGroup;
			children = (
				84423D032470087E006F94E2 /* SearchImageCVFooterView */,
				841C1708246F3A6A004AD4E1 /* SearchImageCVCell */,
				841C1709246F3A6A004AD4E1 /* SearchImageTVCell */,
			);
			path = View;
			sourceTree = "<group>";
		};
		841C1703246F32F8004AD4E1 /* NetworkService */ = {
			isa = PBXGroup;
			children = (
				841C1704246F3328004AD4E1 /* NetworkService.swift */,
			);
			path = NetworkService;
			sourceTree = "<group>";
		};
		841C1708246F3A6A004AD4E1 /* SearchImageCVCell */ = {
			isa = PBXGroup;
			children = (
				841C170A246F3A7E004AD4E1 /* SearchImageCVCell.swift */,
				841C170B246F3A7E004AD4E1 /* SearchImageCVCell.xib */,
			);
			path = SearchImageCVCell;
			sourceTree = "<group>";
		};
		841C1709246F3A6A004AD4E1 /* SearchImageTVCell */ = {
			isa = PBXGroup;
			children = (
				841C1712246F3AC4004AD4E1 /* SearchImageTVCell.swift */,
				841C1713246F3AC4004AD4E1 /* SearchImageTVCell.xib */,
			);
			path = SearchImageTVCell;
			sourceTree = "<group>";
		};
		84423D032470087E006F94E2 /* SearchImageCVFooterView */ = {
			isa = PBXGroup;
			children = (
				84423D04247008C8006F94E2 /* SearchImageCVFooterView.swift */,
				84423D05247008C8006F94E2 /* SearchImageCVFooterView.xib */,
			);
			path = SearchImageCVFooterView;
			sourceTree = "<group>";
		};
		84423D0C2470352D006F94E2 /* AppUtilities */ = {
			isa = PBXGroup;
			children = (
				84423D0D24703539006F94E2 /* AppUserDefaults.swift */,
			);
			path = AppUtilities;
			sourceTree = "<group>";
		};
		84423D1324706BAC006F94E2 /* SearchImageDetail */ = {
			isa = PBXGroup;
			children = (
				84423D1424706BAC006F94E2 /* ViewModel */,
				84423D1524706BAC006F94E2 /* Controller */,
				84423D1624706BAC006F94E2 /* Model */,
				84423D1724706BAC006F94E2 /* View */,
			);
			path = SearchImageDetail;
			sourceTree = "<group>";
		};
		84423D1424706BAC006F94E2 /* ViewModel */ = {
			isa = PBXGroup;
			children = (
				84423D1824706BCF006F94E2 /* SearchImageDetailViewModel.swift */,
			);
			path = ViewModel;
			sourceTree = "<group>";
		};
		84423D1524706BAC006F94E2 /* Controller */ = {
			isa = PBXGroup;
			children = (
				84423D1A24706EB6006F94E2 /* SearchImageDetailVC.swift */,
				84423D1F247070C8006F94E2 /* SearchImageDetailVC+UICollectionView.swift */,
			);
			path = Controller;
			sourceTree = "<group>";
		};
		84423D1624706BAC006F94E2 /* Model */ = {
			isa = PBXGroup;
			children = (
			);
			path = Model;
			sourceTree = "<group>";
		};
		84423D1724706BAC006F94E2 /* View */ = {
			isa = PBXGroup;
			children = (
				84423D1C24707011006F94E2 /* SearchImageDetailCVCell */,
			);
			path = View;
			sourceTree = "<group>";
		};
		84423D1C24707011006F94E2 /* SearchImageDetailCVCell */ = {
			isa = PBXGroup;
			children = (
				84423D1D24707025006F94E2 /* SearchImageDetailCVCell.swift */,
			);
			path = SearchImageDetailCVCell;
			sourceTree = "<group>";
		};
		84423D2324707CB1006F94E2 /* Library */ = {
			isa = PBXGroup;
			children = (
				84423D2A24707E21006F94E2 /* DimmingPresentationController */,
				84423D2724707D60006F94E2 /* GalleryImageDismissAnimator */,
				84423D2424707CB1006F94E2 /* GalleryPresentingAnimator */,
			);
			path = Library;
			sourceTree = "<group>";
		};
		84423D2424707CB1006F94E2 /* GalleryPresentingAnimator */ = {
			isa = PBXGroup;
			children = (
				84423D2524707CC4006F94E2 /* GalleryPresentingAnimator.swift */,
			);
			path = GalleryPresentingAnimator;
			sourceTree = "<group>";
		};
		84423D2724707D60006F94E2 /* GalleryImageDismissAnimator */ = {
			isa = PBXGroup;
			children = (
				84423D2824707D6C006F94E2 /* GalleryImageDismissAnimator.swift */,
			);
			path = GalleryImageDismissAnimator;
			sourceTree = "<group>";
		};
		84423D2A24707E21006F94E2 /* DimmingPresentationController */ = {
			isa = PBXGroup;
			children = (
				84423D2B24707E36006F94E2 /* DimmingPresentationController.swift */,
			);
			path = DimmingPresentationController;
			sourceTree = "<group>";
		};
		8451624B246DC34D009AD21E = {
			isa = PBXGroup;
			children = (
				84516256246DC34D009AD21E /* WynkAssignment */,
				84516255246DC34D009AD21E /* Products */,
			);
			sourceTree = "<group>";
		};
		84516255246DC34D009AD21E /* Products */ = {
			isa = PBXGroup;
			children = (
				84516254246DC34D009AD21E /* WynkAssignment.app */,
			);
			name = Products;
			sourceTree = "<group>";
		};
		84516256246DC34D009AD21E /* WynkAssignment */ = {
			isa = PBXGroup;
			children = (
				841C16D1246F23F0004AD4E1 /* Modules */,
				841C16CA246F226B004AD4E1 /* AppDelegate */,
				841C16BC246F226B004AD4E1 /* Controller */,
				841C16BB246F226A004AD4E1 /* Helpers */,
				841C16C7246F226B004AD4E1 /* Networking */,
				841C16BD246F226B004AD4E1 /* Resources */,
				841C16C0246F226B004AD4E1 /* Views */,
			);
			path = WynkAssignment;
			sourceTree = "<group>";
		};
/* End PBXGroup section */

/* Begin PBXNativeTarget section */
		84516253246DC34D009AD21E /* WynkAssignment */ = {
			isa = PBXNativeTarget;
			buildConfigurationList = 84516268246DC352009AD21E /* Build configuration list for PBXNativeTarget "WynkAssignment" */;
			buildPhases = (
				84516250246DC34D009AD21E /* Sources */,
				84516251246DC34D009AD21E /* Frameworks */,
				84516252246DC34D009AD21E /* Resources */,
			);
			buildRules = (
			);
			dependencies = (
			);
			name = WynkAssignment;
			productName = WynkAssignment;
			productReference = 84516254246DC34D009AD21E /* WynkAssignment.app */;
			productType = "com.apple.product-type.application";
		};
/* End PBXNativeTarget section */

/* Begin PBXProject section */
		8451624C246DC34D009AD21E /* Project object */ = {
			isa = PBXProject;
			attributes = {
				LastSwiftUpdateCheck = 1140;
				LastUpgradeCheck = 1140;
				ORGANIZATIONNAME = "Nitin Singh Rathore";
				TargetAttributes = {
					84516253246DC34D009AD21E = {
						CreatedOnToolsVersion = 11.4.1;
					};
				};
			};
			buildConfigurationList = 8451624F246DC34D009AD21E /* Build configuration list for PBXProject "WynkAssignment" */;
			compatibilityVersion = "Xcode 9.3";
			developmentRegion = en;
			hasScannedForEncodings = 0;
			knownRegions = (
				en,
				Base,
			);
			mainGroup = 8451624B246DC34D009AD21E;
			productRefGroup = 84516255246DC34D009AD21E /* Products */;
			projectDirPath = "";
			projectRoot = "";
			targets = (
				84516253246DC34D009AD21E /* WynkAssignment */,
			);
		};
/* End PBXProject section */

/* Begin PBXResourcesBuildPhase section */
		84516252246DC34D009AD21E /* Resources */ = {
			isa = PBXResourcesBuildPhase;
			buildActionMask = 2147483647;
			files = (
				84423D07247008C8006F94E2 /* SearchImageCVFooterView.xib in Resources */,
				841C170D246F3A7E004AD4E1 /* SearchImageCVCell.xib in Resources */,
				841C1715246F3AC4004AD4E1 /* SearchImageTVCell.xib in Resources */,
				841C16CE246F226B004AD4E1 /* LaunchScreen.storyboard in Resources */,
				841C16CC246F226B004AD4E1 /* Assets.xcassets in Resources */,
				841C16CF246F226B004AD4E1 /* Main.storyboard in Resources */,
			);
			runOnlyForDeploymentPostprocessing = 0;
		};
/* End PBXResourcesBuildPhase section */

/* Begin PBXSourcesBuildPhase section */
		84516250246DC34D009AD21E /* Sources */ = {
			isa = PBXSourcesBuildPhase;
			buildActionMask = 2147483647;
			files = (
				84423D0B24703255006F94E2 /* RecentSearchModel.swift in Sources */,
				841C16DB246F287E004AD4E1 /* UICollectionView+Extension.swift in Sources */,
				841C16D6246F2800004AD4E1 /* Reachability.swift in Sources */,
				841C1701246F3285004AD4E1 /* SearchImageVC.swift in Sources */,
				84423D1E24707025006F94E2 /* SearchImageDetailCVCell.swift in Sources */,
				841C16FF246F3285004AD4E1 /* SearchImageViewModel.swift in Sources */,
				841C1714246F3AC4004AD4E1 /* SearchImageTVCell.swift in Sources */,
				841C16F1246F2EAD004AD4E1 /* BaseVC.swift in Sources */,
				841C1702246F3285004AD4E1 /* SearchImageVC+UITableView.swift in Sources */,
				841C16DF246F28E7004AD4E1 /* UIStoryboard+Extension.swift in Sources */,
				84423D22247078FB006F94E2 /* NavigationRouter.swift in Sources */,
				84423CF8246FF1E4006F94E2 /* SearchResultModel.swift in Sources */,
				841C16D0246F226B004AD4E1 /* AppDelegate.swift in Sources */,
				841C16DD246F28A9004AD4E1 /* UIViewController+Extension.swift in Sources */,
				841C16D9246F2857004AD4E1 /* UITableView+Extension.swift in Sources */,
				84423D2924707D6C006F94E2 /* GalleryImageDismissAnimator.swift in Sources */,
				84423D1B24706EB6006F94E2 /* SearchImageDetailVC.swift in Sources */,
				84423D06247008C8006F94E2 /* SearchImageCVFooterView.swift in Sources */,
				84423D0924702A01006F94E2 /* DBManager.swift in Sources */,
				84423CFC246FF25F006F94E2 /* HitModel.swift in Sources */,
				84423D10247039EB006F94E2 /* String+Extension.swift in Sources */,
				841C170C246F3A7E004AD4E1 /* SearchImageCVCell.swift in Sources */,
				841C1707246F3367004AD4E1 /* AppRouter.swift in Sources */,
				84423D2624707CC4006F94E2 /* GalleryPresentingAnimator.swift in Sources */,
				84423D0E24703539006F94E2 /* AppUserDefaults.swift in Sources */,
				841C1705246F3328004AD4E1 /* NetworkService.swift in Sources */,
				84423D00246FFC1D006F94E2 /* UIImageView+Extension.swift in Sources */,
				84423D2C24707E36006F94E2 /* DimmingPresentationController.swift in Sources */,
				84423CFE246FF6CA006F94E2 /* ImageDownloader.swift in Sources */,
				84423D1924706BCF006F94E2 /* SearchImageDetailViewModel.swift in Sources */,
				84423D20247070C8006F94E2 /* SearchImageDetailVC+UICollectionView.swift in Sources */,
				841C1700246F3285004AD4E1 /* SearchImageVC+UICollectionView.swift in Sources */,
			);
			runOnlyForDeploymentPostprocessing = 0;
		};
/* End PBXSourcesBuildPhase section */

/* Begin PBXVariantGroup section */
		841C16C3246F226B004AD4E1 /* LaunchScreen.storyboard */ = {
			isa = PBXVariantGroup;
			children = (
				841C16C4246F226B004AD4E1 /* Base */,
			);
			name = LaunchScreen.storyboard;
			sourceTree = "<group>";
		};
		841C16C5246F226B004AD4E1 /* Main.storyboard */ = {
			isa = PBXVariantGroup;
			children = (
				841C16C6246F226B004AD4E1 /* Base */,
			);
			name = Main.storyboard;
			sourceTree = "<group>";
		};
/* End PBXVariantGroup section */

/* Begin XCBuildConfiguration section */
		84516266246DC352009AD21E /* Debug */ = {
			isa = XCBuildConfiguration;
			buildSettings = {
				ALWAYS_SEARCH_USER_PATHS = NO;
				CLANG_ANALYZER_NONNULL = YES;
				CLANG_ANALYZER_NUMBER_OBJECT_CONVERSION = YES_AGGRESSIVE;
				CLANG_CXX_LANGUAGE_STANDARD = "gnu++14";
				CLANG_CXX_LIBRARY = "libc++";
				CLANG_ENABLE_MODULES = YES;
				CLANG_ENABLE_OBJC_ARC = YES;
				CLANG_ENABLE_OBJC_WEAK = YES;
				CLANG_WARN_BLOCK_CAPTURE_AUTORELEASING = YES;
				CLANG_WARN_BOOL_CONVERSION = YES;
				CLANG_WARN_COMMA = YES;
				CLANG_WARN_CONSTANT_CONVERSION = YES;
				CLANG_WARN_DEPRECATED_OBJC_IMPLEMENTATIONS = YES;
				CLANG_WARN_DIRECT_OBJC_ISA_USAGE = YES_ERROR;
				CLANG_WARN_DOCUMENTATION_COMMENTS = YES;
				CLANG_WARN_EMPTY_BODY = YES;
				CLANG_WARN_ENUM_CONVERSION = YES;
				CLANG_WARN_INFINITE_RECURSION = YES;
				CLANG_WARN_INT_CONVERSION = YES;
				CLANG_WARN_NON_LITERAL_NULL_CONVERSION = YES;
				CLANG_WARN_OBJC_IMPLICIT_RETAIN_SELF = YES;
				CLANG_WARN_OBJC_LITERAL_CONVERSION = YES;
				CLANG_WARN_OBJC_ROOT_CLASS = YES_ERROR;
				CLANG_WARN_RANGE_LOOP_ANALYSIS = YES;
				CLANG_WARN_STRICT_PROTOTYPES = YES;
				CLANG_WARN_SUSPICIOUS_MOVE = YES;
				CLANG_WARN_UNGUARDED_AVAILABILITY = YES_AGGRESSIVE;
				CLANG_WARN_UNREACHABLE_CODE = YES;
				CLANG_WARN__DUPLICATE_METHOD_MATCH = YES;
				COPY_PHASE_STRIP = NO;
				DEBUG_INFORMATION_FORMAT = dwarf;
				ENABLE_STRICT_OBJC_MSGSEND = YES;
				ENABLE_TESTABILITY = YES;
				GCC_C_LANGUAGE_STANDARD = gnu11;
				GCC_DYNAMIC_NO_PIC = NO;
				GCC_NO_COMMON_BLOCKS = YES;
				GCC_OPTIMIZATION_LEVEL = 0;
				GCC_PREPROCESSOR_DEFINITIONS = (
					"DEBUG=1",
					"$(inherited)",
				);
				GCC_WARN_64_TO_32_BIT_CONVERSION = YES;
				GCC_WARN_ABOUT_RETURN_TYPE = YES_ERROR;
				GCC_WARN_UNDECLARED_SELECTOR = YES;
				GCC_WARN_UNINITIALIZED_AUTOS = YES_AGGRESSIVE;
				GCC_WARN_UNUSED_FUNCTION = YES;
				GCC_WARN_UNUSED_VARIABLE = YES;
				IPHONEOS_DEPLOYMENT_TARGET = 12.0;
				MTL_ENABLE_DEBUG_INFO = INCLUDE_SOURCE;
				MTL_FAST_MATH = YES;
				ONLY_ACTIVE_ARCH = YES;
				SDKROOT = iphoneos;
				SWIFT_ACTIVE_COMPILATION_CONDITIONS = DEBUG;
				SWIFT_OPTIMIZATION_LEVEL = "-Onone";
			};
			name = Debug;
		};
		84516267246DC352009AD21E /* Release */ = {
			isa = XCBuildConfiguration;
			buildSettings = {
				ALWAYS_SEARCH_USER_PATHS = NO;
				CLANG_ANALYZER_NONNULL = YES;
				CLANG_ANALYZER_NUMBER_OBJECT_CONVERSION = YES_AGGRESSIVE;
				CLANG_CXX_LANGUAGE_STANDARD = "gnu++14";
				CLANG_CXX_LIBRARY = "libc++";
				CLANG_ENABLE_MODULES = YES;
				CLANG_ENABLE_OBJC_ARC = YES;
				CLANG_ENABLE_OBJC_WEAK = YES;
				CLANG_WARN_BLOCK_CAPTURE_AUTORELEASING = YES;
				CLANG_WARN_BOOL_CONVERSION = YES;
				CLANG_WARN_COMMA = YES;
				CLANG_WARN_CONSTANT_CONVERSION = YES;
				CLANG_WARN_DEPRECATED_OBJC_IMPLEMENTATIONS = YES;
				CLANG_WARN_DIRECT_OBJC_ISA_USAGE = YES_ERROR;
				CLANG_WARN_DOCUMENTATION_COMMENTS = YES;
				CLANG_WARN_EMPTY_BODY = YES;
				CLANG_WARN_ENUM_CONVERSION = YES;
				CLANG_WARN_INFINITE_RECURSION = YES;
				CLANG_WARN_INT_CONVERSION = YES;
				CLANG_WARN_NON_LITERAL_NULL_CONVERSION = YES;
				CLANG_WARN_OBJC_IMPLICIT_RETAIN_SELF = YES;
				CLANG_WARN_OBJC_LITERAL_CONVERSION = YES;
				CLANG_WARN_OBJC_ROOT_CLASS = YES_ERROR;
				CLANG_WARN_RANGE_LOOP_ANALYSIS = YES;
				CLANG_WARN_STRICT_PROTOTYPES = YES;
				CLANG_WARN_SUSPICIOUS_MOVE = YES;
				CLANG_WARN_UNGUARDED_AVAILABILITY = YES_AGGRESSIVE;
				CLANG_WARN_UNREACHABLE_CODE = YES;
				CLANG_WARN__DUPLICATE_METHOD_MATCH = YES;
				COPY_PHASE_STRIP = NO;
				DEBUG_INFORMATION_FORMAT = "dwarf-with-dsym";
				ENABLE_NS_ASSERTIONS = NO;
				ENABLE_STRICT_OBJC_MSGSEND = YES;
				GCC_C_LANGUAGE_STANDARD = gnu11;
				GCC_NO_COMMON_BLOCKS = YES;
				GCC_WARN_64_TO_32_BIT_CONVERSION = YES;
				GCC_WARN_ABOUT_RETURN_TYPE = YES_ERROR;
				GCC_WARN_UNDECLARED_SELECTOR = YES;
				GCC_WARN_UNINITIALIZED_AUTOS = YES_AGGRESSIVE;
				GCC_WARN_UNUSED_FUNCTION = YES;
				GCC_WARN_UNUSED_VARIABLE = YES;
				IPHONEOS_DEPLOYMENT_TARGET = 12.0;
				MTL_ENABLE_DEBUG_INFO = NO;
				MTL_FAST_MATH = YES;
				SDKROOT = iphoneos;
				SWIFT_COMPILATION_MODE = wholemodule;
				SWIFT_OPTIMIZATION_LEVEL = "-O";
				VALIDATE_PRODUCT = YES;
			};
			name = Release;
		};
		84516269246DC352009AD21E /* Debug */ = {
			isa = XCBuildConfiguration;
			buildSettings = {
				ASSETCATALOG_COMPILER_APPICON_NAME = AppIcon;
				CODE_SIGN_STYLE = Automatic;
				INFOPLIST_FILE = "$(SRCROOT)/WynkAssignment/Resources/Info.plist";
				IPHONEOS_DEPLOYMENT_TARGET = 12.0;
				LD_RUNPATH_SEARCH_PATHS = (
					"$(inherited)",
					"@executable_path/Frameworks",
				);
				PRODUCT_BUNDLE_IDENTIFIER = com.WynkAssignment;
				PRODUCT_NAME = "$(TARGET_NAME)";
				SWIFT_VERSION = 5.0;
				TARGETED_DEVICE_FAMILY = "1,2";
			};
			name = Debug;
		};
		8451626A246DC352009AD21E /* Release */ = {
			isa = XCBuildConfiguration;
			buildSettings = {
				ASSETCATALOG_COMPILER_APPICON_NAME = AppIcon;
				CODE_SIGN_STYLE = Automatic;
				INFOPLIST_FILE = "$(SRCROOT)/WynkAssignment/Resources/Info.plist";
				IPHONEOS_DEPLOYMENT_TARGET = 12.0;
				LD_RUNPATH_SEARCH_PATHS = (
					"$(inherited)",
					"@executable_path/Frameworks",
				);
				PRODUCT_BUNDLE_IDENTIFIER = com.WynkAssignment;
				PRODUCT_NAME = "$(TARGET_NAME)";
				SWIFT_VERSION = 5.0;
				TARGETED_DEVICE_FAMILY = "1,2";
			};
			name = Release;
		};
/* End XCBuildConfiguration section */

/* Begin XCConfigurationList section */
		8451624F246DC34D009AD21E /* Build configuration list for PBXProject "WynkAssignment" */ = {
			isa = XCConfigurationList;
			buildConfigurations = (
				84516266246DC352009AD21E /* Debug */,
				84516267246DC352009AD21E /* Release */,
			);
			defaultConfigurationIsVisible = 0;
			defaultConfigurationName = Release;
		};
		84516268246DC352009AD21E /* Build configuration list for PBXNativeTarget "WynkAssignment" */ = {
			isa = XCConfigurationList;
			buildConfigurations = (
				84516269246DC352009AD21E /* Debug */,
				8451626A246DC352009AD21E /* Release */,
			);
			defaultConfigurationIsVisible = 0;
			defaultConfigurationName = Release;
		};
/* End XCConfigurationList section */
	};
	rootObject = 8451624C246DC34D009AD21E /* Project object */;
}
